
Microsoft Visual Studio Solution File, Format Version 12.00
# Visual Studio 15
VisualStudioVersion = 15.0.26730.16
MinimumVisualStudioVersion = 10.0.40219.1
Project("{FAE04EC0-301F-11D3-BF4B-00C04F79EFBC}") = "MVC_MailHandsOn", "MVC_MailHandsOn\MVC_MailHandsOn.csproj", "{AF0F8017-E269-4671-8157-CFF6053E0171}"
EndProject
Global
	GlobalSection(SolutionConfigurationPlatforms) = preSolution
		Debug|Any CPU = Debug|Any CPU
		Release|Any CPU = Release|Any CPU
	EndGlobalSection
	GlobalSection(ProjectConfigurationPlatforms) = postSolution
		{AF0F8017-E269-4671-8157-CFF6053E0171}.Debug|Any CPU.ActiveCfg = Debug|Any CPU
		{AF0F8017-E269-4671-8157-CFF6053E0171}.Debug|Any CPU.Build.0 = Debug|Any CPU
		{AF0F8017-E269-4671-8157-CFF6053E0171}.Release|Any CPU.ActiveCfg = Release|Any CPU
		{AF0F8017-E269-4671-8157-CFF6053E0171}.Release|Any CPU.Build.0 = Release|Any CPU
	EndGlobalSection
	GlobalSection(SolutionProperties) = preSolution
		HideSolutionNode = FALSE
	EndGlobalSection
	GlobalSection(ExtensibilityGlobals) = postSolution
		SolutionGuid = {A264EFEB-19A4-478B-AD7F-E47013E17135}
	EndGlobalSection
EndGlobal
